// !$*UTF8*$!
{
	archiveVersion = 1;
	classes = {
	};
	objectVersion = 56;
	objects = {

/* Begin PBXBuildFile section */
		4D1C65B42B85ADCF002DC384 /* GoogleService-Info.plist in Resources */ = {isa = PBXBuildFile; fileRef = 4D1C65B32B85ADCE002DC384 /* GoogleService-Info.plist */; };
		4D1D60B62B8683AF001F4636 /* AllEventView.swift in Sources */ = {isa = PBXBuildFile; fileRef = 4D1D60B52B8683AF001F4636 /* AllEventView.swift */; };
		4D2592732B3FE26100C09CBA /* SettingsRowView.swift in Sources */ = {isa = PBXBuildFile; fileRef = 4D2592722B3FE26100C09CBA /* SettingsRowView.swift */; };
		4D2592752B3FE6B200C09CBA /* User.swift in Sources */ = {isa = PBXBuildFile; fileRef = 4D2592742B3FE6B200C09CBA /* User.swift */; };
		4D25927A2B4089D000C09CBA /* FirebaseAnalytics in Frameworks */ = {isa = PBXBuildFile; productRef = 4D2592792B4089D000C09CBA /* FirebaseAnalytics */; };
		4D25927C2B4089D000C09CBA /* FirebaseAnalyticsOnDeviceConversion in Frameworks */ = {isa = PBXBuildFile; productRef = 4D25927B2B4089D000C09CBA /* FirebaseAnalyticsOnDeviceConversion */; };
		4D25927E2B4089D000C09CBA /* FirebaseAnalyticsSwift in Frameworks */ = {isa = PBXBuildFile; productRef = 4D25927D2B4089D000C09CBA /* FirebaseAnalyticsSwift */; };
		4D2592802B4089D000C09CBA /* FirebaseAnalyticsWithoutAdIdSupport in Frameworks */ = {isa = PBXBuildFile; productRef = 4D25927F2B4089D000C09CBA /* FirebaseAnalyticsWithoutAdIdSupport */; };
		4D2592822B4089D000C09CBA /* FirebaseAppCheck in Frameworks */ = {isa = PBXBuildFile; productRef = 4D2592812B4089D000C09CBA /* FirebaseAppCheck */; };
		4D2592842B4089D000C09CBA /* FirebaseAppDistribution-Beta in Frameworks */ = {isa = PBXBuildFile; productRef = 4D2592832B4089D000C09CBA /* FirebaseAppDistribution-Beta */; };
		4D2592862B4089D000C09CBA /* FirebaseAuth in Frameworks */ = {isa = PBXBuildFile; productRef = 4D2592852B4089D000C09CBA /* FirebaseAuth */; };
		4D2592882B4089D000C09CBA /* FirebaseAuthCombine-Community in Frameworks */ = {isa = PBXBuildFile; productRef = 4D2592872B4089D000C09CBA /* FirebaseAuthCombine-Community */; };
		4D25928A2B4089D000C09CBA /* FirebaseCrashlytics in Frameworks */ = {isa = PBXBuildFile; productRef = 4D2592892B4089D000C09CBA /* FirebaseCrashlytics */; };
		4D25928C2B4089D000C09CBA /* FirebaseDatabase in Frameworks */ = {isa = PBXBuildFile; productRef = 4D25928B2B4089D000C09CBA /* FirebaseDatabase */; };
		4D25928E2B4089D000C09CBA /* FirebaseDatabaseSwift in Frameworks */ = {isa = PBXBuildFile; productRef = 4D25928D2B4089D000C09CBA /* FirebaseDatabaseSwift */; };
		4D2592902B4089D000C09CBA /* FirebaseDynamicLinks in Frameworks */ = {isa = PBXBuildFile; productRef = 4D25928F2B4089D000C09CBA /* FirebaseDynamicLinks */; };
		4D2592922B4089D000C09CBA /* FirebaseFirestore in Frameworks */ = {isa = PBXBuildFile; productRef = 4D2592912B4089D000C09CBA /* FirebaseFirestore */; };
		4D2592942B4089D000C09CBA /* FirebaseFirestoreCombine-Community in Frameworks */ = {isa = PBXBuildFile; productRef = 4D2592932B4089D000C09CBA /* FirebaseFirestoreCombine-Community */; };
		4D2592962B4089D000C09CBA /* FirebaseFirestoreSwift in Frameworks */ = {isa = PBXBuildFile; productRef = 4D2592952B4089D000C09CBA /* FirebaseFirestoreSwift */; };
		4D2592982B4089D000C09CBA /* FirebaseFunctions in Frameworks */ = {isa = PBXBuildFile; productRef = 4D2592972B4089D000C09CBA /* FirebaseFunctions */; };
		4D25929A2B4089D000C09CBA /* FirebaseFunctionsCombine-Community in Frameworks */ = {isa = PBXBuildFile; productRef = 4D2592992B4089D000C09CBA /* FirebaseFunctionsCombine-Community */; };
		4D25929C2B4089D000C09CBA /* FirebaseInAppMessaging-Beta in Frameworks */ = {isa = PBXBuildFile; productRef = 4D25929B2B4089D000C09CBA /* FirebaseInAppMessaging-Beta */; };
		4D25929E2B4089D000C09CBA /* FirebaseInAppMessagingSwift-Beta in Frameworks */ = {isa = PBXBuildFile; productRef = 4D25929D2B4089D000C09CBA /* FirebaseInAppMessagingSwift-Beta */; };
		4D2592A02B4089D000C09CBA /* FirebaseInstallations in Frameworks */ = {isa = PBXBuildFile; productRef = 4D25929F2B4089D000C09CBA /* FirebaseInstallations */; };
		4D2592A22B4089D000C09CBA /* FirebaseMLModelDownloader in Frameworks */ = {isa = PBXBuildFile; productRef = 4D2592A12B4089D000C09CBA /* FirebaseMLModelDownloader */; };
		4D2592A42B4089D000C09CBA /* FirebaseMessaging in Frameworks */ = {isa = PBXBuildFile; productRef = 4D2592A32B4089D000C09CBA /* FirebaseMessaging */; };
		4D2592A62B4089D000C09CBA /* FirebasePerformance in Frameworks */ = {isa = PBXBuildFile; productRef = 4D2592A52B4089D000C09CBA /* FirebasePerformance */; };
		4D2592A82B4089D000C09CBA /* FirebaseRemoteConfig in Frameworks */ = {isa = PBXBuildFile; productRef = 4D2592A72B4089D000C09CBA /* FirebaseRemoteConfig */; };
		4D2592AA2B4089D000C09CBA /* FirebaseRemoteConfigSwift in Frameworks */ = {isa = PBXBuildFile; productRef = 4D2592A92B4089D000C09CBA /* FirebaseRemoteConfigSwift */; };
		4D2592AC2B4089D000C09CBA /* FirebaseStorage in Frameworks */ = {isa = PBXBuildFile; productRef = 4D2592AB2B4089D000C09CBA /* FirebaseStorage */; };
		4D2592AE2B4089D000C09CBA /* FirebaseStorageCombine-Community in Frameworks */ = {isa = PBXBuildFile; productRef = 4D2592AD2B4089D000C09CBA /* FirebaseStorageCombine-Community */; };
		4D2592B22B408A9900C09CBA /* AuthViewModel.swift in Sources */ = {isa = PBXBuildFile; fileRef = 4D2592B12B408A9900C09CBA /* AuthViewModel.swift */; };
		4D4B87342B140ACA00257AED /* BPA_MobileAppsApp.swift in Sources */ = {isa = PBXBuildFile; fileRef = 4D4B87332B140ACA00257AED /* BPA_MobileAppsApp.swift */; };
		4D4B87362B140ACA00257AED /* ContentView.swift in Sources */ = {isa = PBXBuildFile; fileRef = 4D4B87352B140ACA00257AED /* ContentView.swift */; };
		4D4B87382B140ACD00257AED /* Assets.xcassets in Resources */ = {isa = PBXBuildFile; fileRef = 4D4B87372B140ACD00257AED /* Assets.xcassets */; };
		4D4B873B2B140ACD00257AED /* Preview Assets.xcassets in Resources */ = {isa = PBXBuildFile; fileRef = 4D4B873A2B140ACD00257AED /* Preview Assets.xcassets */; };
		4D8C5F862B85B5C5005FB782 /* EventView.swift in Sources */ = {isa = PBXBuildFile; fileRef = 4D8C5F852B85B5C5005FB782 /* EventView.swift */; };
		4DC0F7AB2B3BD5B700A60F0F /* ProfileView.swift in Sources */ = {isa = PBXBuildFile; fileRef = 4DC0F7AA2B3BD5B700A60F0F /* ProfileView.swift */; };
		4DCC3F032B14410C003C3C35 /* LoginView.swift in Sources */ = {isa = PBXBuildFile; fileRef = 4DCC3F022B14410C003C3C35 /* LoginView.swift */; };
		4DCC3F052B144AA1003C3C35 /* InputView.swift in Sources */ = {isa = PBXBuildFile; fileRef = 4DCC3F042B144AA1003C3C35 /* InputView.swift */; };
		4DCC3F072B14553A003C3C35 /* RegistrationView.swift in Sources */ = {isa = PBXBuildFile; fileRef = 4DCC3F062B14553A003C3C35 /* RegistrationView.swift */; };
/* End PBXBuildFile section */

/* Begin PBXFileReference section */
		4D1C65B32B85ADCE002DC384 /* GoogleService-Info.plist */ = {isa = PBXFileReference; lastKnownFileType = text.plist.xml; name = "GoogleService-Info.plist"; path = "BPA-MobileApps/GoogleService-Info.plist"; sourceTree = SOURCE_ROOT; };
		4D1D60B52B8683AF001F4636 /* AllEventView.swift */ = {isa = PBXFileReference; lastKnownFileType = sourcecode.swift; path = AllEventView.swift; sourceTree = "<group>"; };
		4D2592722B3FE26100C09CBA /* SettingsRowView.swift */ = {isa = PBXFileReference; lastKnownFileType = sourcecode.swift; path = SettingsRowView.swift; sourceTree = "<group>"; };
		4D2592742B3FE6B200C09CBA /* User.swift */ = {isa = PBXFileReference; lastKnownFileType = sourcecode.swift; path = User.swift; sourceTree = "<group>"; };
		4D2592B12B408A9900C09CBA /* AuthViewModel.swift */ = {isa = PBXFileReference; lastKnownFileType = sourcecode.swift; path = AuthViewModel.swift; sourceTree = "<group>"; };
		4D4B87302B140ACA00257AED /* BPA-MobileApps.app */ = {isa = PBXFileReference; explicitFileType = wrapper.application; includeInIndex = 0; path = "BPA-MobileApps.app"; sourceTree = BUILT_PRODUCTS_DIR; };
		4D4B87332B140ACA00257AED /* BPA_MobileAppsApp.swift */ = {isa = PBXFileReference; lastKnownFileType = sourcecode.swift; path = BPA_MobileAppsApp.swift; sourceTree = "<group>"; };
		4D4B87352B140ACA00257AED /* ContentView.swift */ = {isa = PBXFileReference; lastKnownFileType = sourcecode.swift; path = ContentView.swift; sourceTree = "<group>"; };
		4D4B87372B140ACD00257AED /* Assets.xcassets */ = {isa = PBXFileReference; lastKnownFileType = folder.assetcatalog; path = Assets.xcassets; sourceTree = "<group>"; };
		4D4B873A2B140ACD00257AED /* Preview Assets.xcassets */ = {isa = PBXFileReference; lastKnownFileType = folder.assetcatalog; path = "Preview Assets.xcassets"; sourceTree = "<group>"; };
		4D8C5F852B85B5C5005FB782 /* EventView.swift */ = {isa = PBXFileReference; lastKnownFileType = sourcecode.swift; path = EventView.swift; sourceTree = "<group>"; };
		4DC0F7AA2B3BD5B700A60F0F /* ProfileView.swift */ = {isa = PBXFileReference; lastKnownFileType = sourcecode.swift; path = ProfileView.swift; sourceTree = "<group>"; };
		4DCC3F022B14410C003C3C35 /* LoginView.swift */ = {isa = PBXFileReference; lastKnownFileType = sourcecode.swift; path = LoginView.swift; sourceTree = "<group>"; };
		4DCC3F042B144AA1003C3C35 /* InputView.swift */ = {isa = PBXFileReference; lastKnownFileType = sourcecode.swift; path = InputView.swift; sourceTree = "<group>"; };
		4DCC3F062B14553A003C3C35 /* RegistrationView.swift */ = {isa = PBXFileReference; lastKnownFileType = sourcecode.swift; path = RegistrationView.swift; sourceTree = "<group>"; };
/* End PBXFileReference section */

/* Begin PBXFrameworksBuildPhase section */
		4D4B872D2B140ACA00257AED /* Frameworks */ = {
			isa = PBXFrameworksBuildPhase;
			buildActionMask = 2147483647;
			files = (
				4D25928C2B4089D000C09CBA /* FirebaseDatabase in Frameworks */,
				4D25929A2B4089D000C09CBA /* FirebaseFunctionsCombine-Community in Frameworks */,
				4D2592922B4089D000C09CBA /* FirebaseFirestore in Frameworks */,
				4D25927E2B4089D000C09CBA /* FirebaseAnalyticsSwift in Frameworks */,
				4D25927A2B4089D000C09CBA /* FirebaseAnalytics in Frameworks */,
				4D25927C2B4089D000C09CBA /* FirebaseAnalyticsOnDeviceConversion in Frameworks */,
				4D2592A22B4089D000C09CBA /* FirebaseMLModelDownloader in Frameworks */,
				4D2592962B4089D000C09CBA /* FirebaseFirestoreSwift in Frameworks */,
				4D2592822B4089D000C09CBA /* FirebaseAppCheck in Frameworks */,
				4D2592802B4089D000C09CBA /* FirebaseAnalyticsWithoutAdIdSupport in Frameworks */,
				4D2592862B4089D000C09CBA /* FirebaseAuth in Frameworks */,
				4D25928A2B4089D000C09CBA /* FirebaseCrashlytics in Frameworks */,
				4D2592AA2B4089D000C09CBA /* FirebaseRemoteConfigSwift in Frameworks */,
				4D25929C2B4089D000C09CBA /* FirebaseInAppMessaging-Beta in Frameworks */,
				4D25928E2B4089D000C09CBA /* FirebaseDatabaseSwift in Frameworks */,
				4D2592982B4089D000C09CBA /* FirebaseFunctions in Frameworks */,
				4D2592AE2B4089D000C09CBA /* FirebaseStorageCombine-Community in Frameworks */,
				4D2592A82B4089D000C09CBA /* FirebaseRemoteConfig in Frameworks */,
				4D2592842B4089D000C09CBA /* FirebaseAppDistribution-Beta in Frameworks */,
				4D2592882B4089D000C09CBA /* FirebaseAuthCombine-Community in Frameworks */,
				4D2592A62B4089D000C09CBA /* FirebasePerformance in Frameworks */,
				4D25929E2B4089D000C09CBA /* FirebaseInAppMessagingSwift-Beta in Frameworks */,
				4D2592AC2B4089D000C09CBA /* FirebaseStorage in Frameworks */,
				4D2592902B4089D000C09CBA /* FirebaseDynamicLinks in Frameworks */,
				4D2592942B4089D000C09CBA /* FirebaseFirestoreCombine-Community in Frameworks */,
				4D2592A42B4089D000C09CBA /* FirebaseMessaging in Frameworks */,
				4D2592A02B4089D000C09CBA /* FirebaseInstallations in Frameworks */,
			);
			runOnlyForDeploymentPostprocessing = 0;
		};
/* End PBXFrameworksBuildPhase section */

/* Begin PBXGroup section */
		4D2592AF2B408A3C00C09CBA /* View */ = {
			isa = PBXGroup;
			children = (
				4DCC3F022B14410C003C3C35 /* LoginView.swift */,
				4DCC3F062B14553A003C3C35 /* RegistrationView.swift */,
			);
			path = View;
			sourceTree = "<group>";
		};
		4D2592B02B408A4100C09CBA /* ViewModel */ = {
			isa = PBXGroup;
			children = (
				4D2592B12B408A9900C09CBA /* AuthViewModel.swift */,
			);
			path = ViewModel;
			sourceTree = "<group>";
		};
		4D4B87272B140ACA00257AED = {
			isa = PBXGroup;
			children = (
				4D4B87322B140ACA00257AED /* BPA-MobileApps */,
				4D4B87312B140ACA00257AED /* Products */,
			);
			sourceTree = "<group>";
		};
		4D4B87312B140ACA00257AED /* Products */ = {
			isa = PBXGroup;
			children = (
				4D4B87302B140ACA00257AED /* BPA-MobileApps.app */,
			);
			name = Products;
			sourceTree = "<group>";
		};
		4D4B87322B140ACA00257AED /* BPA-MobileApps */ = {
			isa = PBXGroup;
			children = (
				4DCC3EFD2B1433BA003C3C35 /* App */,
				4DCC3EFC2B1433B8003C3C35 /* Components */,
				4DCC3EFB2B1433B7003C3C35 /* Core */,
				4D4B87372B140ACD00257AED /* Assets.xcassets */,
				4D1C65B32B85ADCE002DC384 /* GoogleService-Info.plist */,
				4DCC3EF92B1433A1003C3C35 /* Model */,
				4D4B87392B140ACD00257AED /* Preview Content */,
			);
			path = "BPA-MobileApps";
			sourceTree = "<group>";
		};
		4D4B87392B140ACD00257AED /* Preview Content */ = {
			isa = PBXGroup;
			children = (
				4D4B873A2B140ACD00257AED /* Preview Assets.xcassets */,
			);
			path = "Preview Content";
			sourceTree = "<group>";
		};
		4DCC3EF92B1433A1003C3C35 /* Model */ = {
			isa = PBXGroup;
			children = (
				4D2592742B3FE6B200C09CBA /* User.swift */,
			);
			path = Model;
			sourceTree = "<group>";
		};
		4DCC3EFB2B1433B7003C3C35 /* Core */ = {
			isa = PBXGroup;
			children = (
				4DCC3F012B143478003C3C35 /* Authentication */,
				4DCC3EFF2B143470003C3C35 /* Profile */,
				4DCC3EFE2B14345E003C3C35 /* Root */,
			);
			path = Core;
			sourceTree = "<group>";
		};
		4DCC3EFC2B1433B8003C3C35 /* Components */ = {
			isa = PBXGroup;
			children = (
				4DCC3F042B144AA1003C3C35 /* InputView.swift */,
				4D2592722B3FE26100C09CBA /* SettingsRowView.swift */,
			);
			path = Components;
			sourceTree = "<group>";
		};
		4DCC3EFD2B1433BA003C3C35 /* App */ = {
			isa = PBXGroup;
			children = (
				4D4B87332B140ACA00257AED /* BPA_MobileAppsApp.swift */,
			);
			path = App;
			sourceTree = "<group>";
		};
		4DCC3EFE2B14345E003C3C35 /* Root */ = {
			isa = PBXGroup;
			children = (
				4D4B87352B140ACA00257AED /* ContentView.swift */,
			);
			path = Root;
			sourceTree = "<group>";
		};
		4DCC3EFF2B143470003C3C35 /* Profile */ = {
			isa = PBXGroup;
			children = (
				4D8C5F852B85B5C5005FB782 /* EventView.swift */,
				4D1D60B52B8683AF001F4636 /* AllEventView.swift */,
				4DC0F7AA2B3BD5B700A60F0F /* ProfileView.swift */,
			);
			path = Profile;
			sourceTree = "<group>";
		};
		4DCC3F012B143478003C3C35 /* Authentication */ = {
			isa = PBXGroup;
			children = (
				4D2592B02B408A4100C09CBA /* ViewModel */,
				4D2592AF2B408A3C00C09CBA /* View */,
			);
			path = Authentication;
			sourceTree = "<group>";
		};
/* End PBXGroup section */

/* Begin PBXNativeTarget section */
		4D4B872F2B140ACA00257AED /* BPA-MobileApps */ = {
			isa = PBXNativeTarget;
			buildConfigurationList = 4D4B873E2B140ACD00257AED /* Build configuration list for PBXNativeTarget "BPA-MobileApps" */;
			buildPhases = (
				4D4B872C2B140ACA00257AED /* Sources */,
				4D4B872D2B140ACA00257AED /* Frameworks */,
				4D4B872E2B140ACA00257AED /* Resources */,
			);
			buildRules = (
			);
			dependencies = (
			);
			name = "BPA-MobileApps";
			packageProductDependencies = (
				4D2592792B4089D000C09CBA /* FirebaseAnalytics */,
				4D25927B2B4089D000C09CBA /* FirebaseAnalyticsOnDeviceConversion */,
				4D25927D2B4089D000C09CBA /* FirebaseAnalyticsSwift */,
				4D25927F2B4089D000C09CBA /* FirebaseAnalyticsWithoutAdIdSupport */,
				4D2592812B4089D000C09CBA /* FirebaseAppCheck */,
				4D2592832B4089D000C09CBA /* FirebaseAppDistribution-Beta */,
				4D2592852B4089D000C09CBA /* FirebaseAuth */,
				4D2592872B4089D000C09CBA /* FirebaseAuthCombine-Community */,
				4D2592892B4089D000C09CBA /* FirebaseCrashlytics */,
				4D25928B2B4089D000C09CBA /* FirebaseDatabase */,
				4D25928D2B4089D000C09CBA /* FirebaseDatabaseSwift */,
				4D25928F2B4089D000C09CBA /* FirebaseDynamicLinks */,
				4D2592912B4089D000C09CBA /* FirebaseFirestore */,
				4D2592932B4089D000C09CBA /* FirebaseFirestoreCombine-Community */,
				4D2592952B4089D000C09CBA /* FirebaseFirestoreSwift */,
				4D2592972B4089D000C09CBA /* FirebaseFunctions */,
				4D2592992B4089D000C09CBA /* FirebaseFunctionsCombine-Community */,
				4D25929B2B4089D000C09CBA /* FirebaseInAppMessaging-Beta */,
				4D25929D2B4089D000C09CBA /* FirebaseInAppMessagingSwift-Beta */,
				4D25929F2B4089D000C09CBA /* FirebaseInstallations */,
				4D2592A12B4089D000C09CBA /* FirebaseMLModelDownloader */,
				4D2592A32B4089D000C09CBA /* FirebaseMessaging */,
				4D2592A52B4089D000C09CBA /* FirebasePerformance */,
				4D2592A72B4089D000C09CBA /* FirebaseRemoteConfig */,
				4D2592A92B4089D000C09CBA /* FirebaseRemoteConfigSwift */,
				4D2592AB2B4089D000C09CBA /* FirebaseStorage */,
				4D2592AD2B4089D000C09CBA /* FirebaseStorageCombine-Community */,
			);
			productName = "BPA-MobileApps";
			productReference = 4D4B87302B140ACA00257AED /* BPA-MobileApps.app */;
			productType = "com.apple.product-type.application";
		};
/* End PBXNativeTarget section */

/* Begin PBXProject section */
		4D4B87282B140ACA00257AED /* Project object */ = {
			isa = PBXProject;
			attributes = {
				BuildIndependentTargetsInParallel = 1;
				LastSwiftUpdateCheck = 1500;
				LastUpgradeCheck = 1500;
				TargetAttributes = {
					4D4B872F2B140ACA00257AED = {
						CreatedOnToolsVersion = 15.0.1;
					};
				};
			};
			buildConfigurationList = 4D4B872B2B140ACA00257AED /* Build configuration list for PBXProject "BPA-MobileApps" */;
			compatibilityVersion = "Xcode 14.0";
			developmentRegion = en;
			hasScannedForEncodings = 0;
			knownRegions = (
				en,
				Base,
			);
			mainGroup = 4D4B87272B140ACA00257AED;
			packageReferences = (
				4D2592782B4089CF00C09CBA /* XCRemoteSwiftPackageReference "firebase-ios-sdk" */,
			);
			productRefGroup = 4D4B87312B140ACA00257AED /* Products */;
			projectDirPath = "";
			projectRoot = "";
			targets = (
				4D4B872F2B140ACA00257AED /* BPA-MobileApps */,
			);
		};
/* End PBXProject section */

/* Begin PBXResourcesBuildPhase section */
		4D4B872E2B140ACA00257AED /* Resources */ = {
			isa = PBXResourcesBuildPhase;
			buildActionMask = 2147483647;
			files = (
				4D4B873B2B140ACD00257AED /* Preview Assets.xcassets in Resources */,
				4D4B87382B140ACD00257AED /* Assets.xcassets in Resources */,
				4D1C65B42B85ADCF002DC384 /* GoogleService-Info.plist in Resources */,
			);
			runOnlyForDeploymentPostprocessing = 0;
		};
/* End PBXResourcesBuildPhase section */

/* Begin PBXSourcesBuildPhase section */
		4D4B872C2B140ACA00257AED /* Sources */ = {
			isa = PBXSourcesBuildPhase;
			buildActionMask = 2147483647;
			files = (
				4DCC3F032B14410C003C3C35 /* LoginView.swift in Sources */,
				4DCC3F052B144AA1003C3C35 /* InputView.swift in Sources */,
				4D4B87362B140ACA00257AED /* ContentView.swift in Sources */,
				4D4B87342B140ACA00257AED /* BPA_MobileAppsApp.swift in Sources */,
				4D2592752B3FE6B200C09CBA /* User.swift in Sources */,
				4DC0F7AB2B3BD5B700A60F0F /* ProfileView.swift in Sources */,
				4D1D60B62B8683AF001F4636 /* AllEventView.swift in Sources */,
				4DCC3F072B14553A003C3C35 /* RegistrationView.swift in Sources */,
				4D2592732B3FE26100C09CBA /* SettingsRowView.swift in Sources */,
				4D2592B22B408A9900C09CBA /* AuthViewModel.swift in Sources */,
				4D8C5F862B85B5C5005FB782 /* EventView.swift in Sources */,
			);
			runOnlyForDeploymentPostprocessing = 0;
		};
/* End PBXSourcesBuildPhase section */

/* Begin XCBuildConfiguration section */
		4D4B873C2B140ACD00257AED /* Debug */ = {
			isa = XCBuildConfiguration;
			buildSettings = {
				ALWAYS_SEARCH_USER_PATHS = NO;
				ASSETCATALOG_COMPILER_GENERATE_SWIFT_ASSET_SYMBOL_EXTENSIONS = YES;
				CLANG_ANALYZER_NONNULL = YES;
				CLANG_ANALYZER_NUMBER_OBJECT_CONVERSION = YES_AGGRESSIVE;
				CLANG_CXX_LANGUAGE_STANDARD = "gnu++20";
				CLANG_ENABLE_MODULES = YES;
				CLANG_ENABLE_OBJC_ARC = YES;
				CLANG_ENABLE_OBJC_WEAK = YES;
				CLANG_WARN_BLOCK_CAPTURE_AUTORELEASING = YES;
				CLANG_WARN_BOOL_CONVERSION = YES;
				CLANG_WARN_COMMA = YES;
				CLANG_WARN_CONSTANT_CONVERSION = YES;
				CLANG_WARN_DEPRECATED_OBJC_IMPLEMENTATIONS = YES;
				CLANG_WARN_DIRECT_OBJC_ISA_USAGE = YES_ERROR;
				CLANG_WARN_DOCUMENTATION_COMMENTS = YES;
				CLANG_WARN_EMPTY_BODY = YES;
				CLANG_WARN_ENUM_CONVERSION = YES;
				CLANG_WARN_INFINITE_RECURSION = YES;
				CLANG_WARN_INT_CONVERSION = YES;
				CLANG_WARN_NON_LITERAL_NULL_CONVERSION = YES;
				CLANG_WARN_OBJC_IMPLICIT_RETAIN_SELF = YES;
				CLANG_WARN_OBJC_LITERAL_CONVERSION = YES;
				CLANG_WARN_OBJC_ROOT_CLASS = YES_ERROR;
				CLANG_WARN_QUOTED_INCLUDE_IN_FRAMEWORK_HEADER = YES;
				CLANG_WARN_RANGE_LOOP_ANALYSIS = YES;
				CLANG_WARN_STRICT_PROTOTYPES = YES;
				CLANG_WARN_SUSPICIOUS_MOVE = YES;
				CLANG_WARN_UNGUARDED_AVAILABILITY = YES_AGGRESSIVE;
				CLANG_WARN_UNREACHABLE_CODE = YES;
				CLANG_WARN__DUPLICATE_METHOD_MATCH = YES;
				COPY_PHASE_STRIP = NO;
				DEBUG_INFORMATION_FORMAT = dwarf;
				ENABLE_STRICT_OBJC_MSGSEND = YES;
				ENABLE_TESTABILITY = YES;
				ENABLE_USER_SCRIPT_SANDBOXING = YES;
				GCC_C_LANGUAGE_STANDARD = gnu17;
				GCC_DYNAMIC_NO_PIC = NO;
				GCC_NO_COMMON_BLOCKS = YES;
				GCC_OPTIMIZATION_LEVEL = 0;
				GCC_PREPROCESSOR_DEFINITIONS = (
					"DEBUG=1",
					"$(inherited)",
				);
				GCC_WARN_64_TO_32_BIT_CONVERSION = YES;
				GCC_WARN_ABOUT_RETURN_TYPE = YES_ERROR;
				GCC_WARN_UNDECLARED_SELECTOR = YES;
				GCC_WARN_UNINITIALIZED_AUTOS = YES_AGGRESSIVE;
				GCC_WARN_UNUSED_FUNCTION = YES;
				GCC_WARN_UNUSED_VARIABLE = YES;
				IPHONEOS_DEPLOYMENT_TARGET = 17.0;
				LOCALIZATION_PREFERS_STRING_CATALOGS = YES;
				MTL_ENABLE_DEBUG_INFO = INCLUDE_SOURCE;
				MTL_FAST_MATH = YES;
				ONLY_ACTIVE_ARCH = YES;
				SDKROOT = iphoneos;
				SWIFT_ACTIVE_COMPILATION_CONDITIONS = "DEBUG $(inherited)";
				SWIFT_OPTIMIZATION_LEVEL = "-Onone";
			};
			name = Debug;
		};
		4D4B873D2B140ACD00257AED /* Release */ = {
			isa = XCBuildConfiguration;
			buildSettings = {
				ALWAYS_SEARCH_USER_PATHS = NO;
				ASSETCATALOG_COMPILER_GENERATE_SWIFT_ASSET_SYMBOL_EXTENSIONS = YES;
				CLANG_ANALYZER_NONNULL = YES;
				CLANG_ANALYZER_NUMBER_OBJECT_CONVERSION = YES_AGGRESSIVE;
				CLANG_CXX_LANGUAGE_STANDARD = "gnu++20";
				CLANG_ENABLE_MODULES = YES;
				CLANG_ENABLE_OBJC_ARC = YES;
				CLANG_ENABLE_OBJC_WEAK = YES;
				CLANG_WARN_BLOCK_CAPTURE_AUTORELEASING = YES;
				CLANG_WARN_BOOL_CONVERSION = YES;
				CLANG_WARN_COMMA = YES;
				CLANG_WARN_CONSTANT_CONVERSION = YES;
				CLANG_WARN_DEPRECATED_OBJC_IMPLEMENTATIONS = YES;
				CLANG_WARN_DIRECT_OBJC_ISA_USAGE = YES_ERROR;
				CLANG_WARN_DOCUMENTATION_COMMENTS = YES;
				CLANG_WARN_EMPTY_BODY = YES;
				CLANG_WARN_ENUM_CONVERSION = YES;
				CLANG_WARN_INFINITE_RECURSION = YES;
				CLANG_WARN_INT_CONVERSION = YES;
				CLANG_WARN_NON_LITERAL_NULL_CONVERSION = YES;
				CLANG_WARN_OBJC_IMPLICIT_RETAIN_SELF = YES;
				CLANG_WARN_OBJC_LITERAL_CONVERSION = YES;
				CLANG_WARN_OBJC_ROOT_CLASS = YES_ERROR;
				CLANG_WARN_QUOTED_INCLUDE_IN_FRAMEWORK_HEADER = YES;
				CLANG_WARN_RANGE_LOOP_ANALYSIS = YES;
				CLANG_WARN_STRICT_PROTOTYPES = YES;
				CLANG_WARN_SUSPICIOUS_MOVE = YES;
				CLANG_WARN_UNGUARDED_AVAILABILITY = YES_AGGRESSIVE;
				CLANG_WARN_UNREACHABLE_CODE = YES;
				CLANG_WARN__DUPLICATE_METHOD_MATCH = YES;
				COPY_PHASE_STRIP = NO;
				DEBUG_INFORMATION_FORMAT = "dwarf-with-dsym";
				ENABLE_NS_ASSERTIONS = NO;
				ENABLE_STRICT_OBJC_MSGSEND = YES;
				ENABLE_USER_SCRIPT_SANDBOXING = YES;
				GCC_C_LANGUAGE_STANDARD = gnu17;
				GCC_NO_COMMON_BLOCKS = YES;
				GCC_WARN_64_TO_32_BIT_CONVERSION = YES;
				GCC_WARN_ABOUT_RETURN_TYPE = YES_ERROR;
				GCC_WARN_UNDECLARED_SELECTOR = YES;
				GCC_WARN_UNINITIALIZED_AUTOS = YES_AGGRESSIVE;
				GCC_WARN_UNUSED_FUNCTION = YES;
				GCC_WARN_UNUSED_VARIABLE = YES;
				IPHONEOS_DEPLOYMENT_TARGET = 17.0;
				LOCALIZATION_PREFERS_STRING_CATALOGS = YES;
				MTL_ENABLE_DEBUG_INFO = NO;
				MTL_FAST_MATH = YES;
				SDKROOT = iphoneos;
				SWIFT_COMPILATION_MODE = wholemodule;
				VALIDATE_PRODUCT = YES;
			};
			name = Release;
		};
		4D4B873F2B140ACD00257AED /* Debug */ = {
			isa = XCBuildConfiguration;
			buildSettings = {
				ASSETCATALOG_COMPILER_APPICON_NAME = AppIcon;
				ASSETCATALOG_COMPILER_GLOBAL_ACCENT_COLOR_NAME = AccentColor;
				CODE_SIGN_STYLE = Automatic;
				CURRENT_PROJECT_VERSION = 1;
				DEVELOPMENT_ASSET_PATHS = "\"BPA-MobileApps/Preview Content\"";
				DEVELOPMENT_TEAM = D644835SY8;
				ENABLE_PREVIEWS = YES;
				GENERATE_INFOPLIST_FILE = YES;
				INFOPLIST_KEY_UIApplicationSceneManifest_Generation = YES;
				INFOPLIST_KEY_UIApplicationSupportsIndirectInputEvents = YES;
				INFOPLIST_KEY_UILaunchScreen_Generation = YES;
				INFOPLIST_KEY_UISupportedInterfaceOrientations_iPad = "UIInterfaceOrientationPortrait UIInterfaceOrientationPortraitUpsideDown UIInterfaceOrientationLandscapeLeft UIInterfaceOrientationLandscapeRight";
				INFOPLIST_KEY_UISupportedInterfaceOrientations_iPhone = "UIInterfaceOrientationPortrait UIInterfaceOrientationLandscapeLeft UIInterfaceOrientationLandscapeRight";
				LD_RUNPATH_SEARCH_PATHS = (
					"$(inherited)",
					"@executable_path/Frameworks",
				);
				MARKETING_VERSION = 1.0;
				PRODUCT_BUNDLE_IDENTIFIER = "com.krishbothra.BPA-MobileApps";
				PRODUCT_NAME = "$(TARGET_NAME)";
				SWIFT_EMIT_LOC_STRINGS = YES;
				SWIFT_VERSION = 5.0;
				TARGETED_DEVICE_FAMILY = "1,2";
			};
			name = Debug;
		};
		4D4B87402B140ACD00257AED /* Release */ = {
			isa = XCBuildConfiguration;
			buildSettings = {
				ASSETCATALOG_COMPILER_APPICON_NAME = AppIcon;
				ASSETCATALOG_COMPILER_GLOBAL_ACCENT_COLOR_NAME = AccentColor;
				CODE_SIGN_STYLE = Automatic;
				CURRENT_PROJECT_VERSION = 1;
				DEVELOPMENT_ASSET_PATHS = "\"BPA-MobileApps/Preview Content\"";
				DEVELOPMENT_TEAM = D644835SY8;
				ENABLE_PREVIEWS = YES;
				GENERATE_INFOPLIST_FILE = YES;
				INFOPLIST_KEY_UIApplicationSceneManifest_Generation = YES;
				INFOPLIST_KEY_UIApplicationSupportsIndirectInputEvents = YES;
				INFOPLIST_KEY_UILaunchScreen_Generation = YES;
				INFOPLIST_KEY_UISupportedInterfaceOrientations_iPad = "UIInterfaceOrientationPortrait UIInterfaceOrientationPortraitUpsideDown UIInterfaceOrientationLandscapeLeft UIInterfaceOrientationLandscapeRight";
				INFOPLIST_KEY_UISupportedInterfaceOrientations_iPhone = "UIInterfaceOrientationPortrait UIInterfaceOrientationLandscapeLeft UIInterfaceOrientationLandscapeRight";
				LD_RUNPATH_SEARCH_PATHS = (
					"$(inherited)",
					"@executable_path/Frameworks",
				);
				MARKETING_VERSION = 1.0;
				PRODUCT_BUNDLE_IDENTIFIER = "com.krishbothra.BPA-MobileApps";
				PRODUCT_NAME = "$(TARGET_NAME)";
				SWIFT_EMIT_LOC_STRINGS = YES;
				SWIFT_VERSION = 5.0;
				TARGETED_DEVICE_FAMILY = "1,2";
			};
			name = Release;
		};
/* End XCBuildConfiguration section */

/* Begin XCConfigurationList section */
		4D4B872B2B140ACA00257AED /* Build configuration list for PBXProject "BPA-MobileApps" */ = {
			isa = XCConfigurationList;
			buildConfigurations = (
				4D4B873C2B140ACD00257AED /* Debug */,
				4D4B873D2B140ACD00257AED /* Release */,
			);
			defaultConfigurationIsVisible = 0;
			defaultConfigurationName = Release;
		};
		4D4B873E2B140ACD00257AED /* Build configuration list for PBXNativeTarget "BPA-MobileApps" */ = {
			isa = XCConfigurationList;
			buildConfigurations = (
				4D4B873F2B140ACD00257AED /* Debug */,
				4D4B87402B140ACD00257AED /* Release */,
			);
			defaultConfigurationIsVisible = 0;
			defaultConfigurationName = Release;
		};
/* End XCConfigurationList section */

/* Begin XCRemoteSwiftPackageReference section */
		4D2592782B4089CF00C09CBA /* XCRemoteSwiftPackageReference "firebase-ios-sdk" */ = {
			isa = XCRemoteSwiftPackageReference;
			repositoryURL = "https://github.com/firebase/firebase-ios-sdk";
			requirement = {
				kind = upToNextMajorVersion;
				minimumVersion = 10.19.1;
			};
		};
/* End XCRemoteSwiftPackageReference section */

/* Begin XCSwiftPackageProductDependency section */
		4D2592792B4089D000C09CBA /* FirebaseAnalytics */ = {
			isa = XCSwiftPackageProductDependency;
			package = 4D2592782B4089CF00C09CBA /* XCRemoteSwiftPackageReference "firebase-ios-sdk" */;
			productName = FirebaseAnalytics;
		};
		4D25927B2B4089D000C09CBA /* FirebaseAnalyticsOnDeviceConversion */ = {
			isa = XCSwiftPackageProductDependency;
			package = 4D2592782B4089CF00C09CBA /* XCRemoteSwiftPackageReference "firebase-ios-sdk" */;
			productName = FirebaseAnalyticsOnDeviceConversion;
		};
		4D25927D2B4089D000C09CBA /* FirebaseAnalyticsSwift */ = {
			isa = XCSwiftPackageProductDependency;
			package = 4D2592782B4089CF00C09CBA /* XCRemoteSwiftPackageReference "firebase-ios-sdk" */;
			productName = FirebaseAnalyticsSwift;
		};
		4D25927F2B4089D000C09CBA /* FirebaseAnalyticsWithoutAdIdSupport */ = {
			isa = XCSwiftPackageProductDependency;
			package = 4D2592782B4089CF00C09CBA /* XCRemoteSwiftPackageReference "firebase-ios-sdk" */;
			productName = FirebaseAnalyticsWithoutAdIdSupport;
		};
		4D2592812B4089D000C09CBA /* FirebaseAppCheck */ = {
			isa = XCSwiftPackageProductDependency;
			package = 4D2592782B4089CF00C09CBA /* XCRemoteSwiftPackageReference "firebase-ios-sdk" */;
			productName = FirebaseAppCheck;
		};
		4D2592832B4089D000C09CBA /* FirebaseAppDistribution-Beta */ = {
			isa = XCSwiftPackageProductDependency;
			package = 4D2592782B4089CF00C09CBA /* XCRemoteSwiftPackageReference "firebase-ios-sdk" */;
			productName = "FirebaseAppDistribution-Beta";
		};
		4D2592852B4089D000C09CBA /* FirebaseAuth */ = {
			isa = XCSwiftPackageProductDependency;
			package = 4D2592782B4089CF00C09CBA /* XCRemoteSwiftPackageReference "firebase-ios-sdk" */;
			productName = FirebaseAuth;
		};
		4D2592872B4089D000C09CBA /* FirebaseAuthCombine-Community */ = {
			isa = XCSwiftPackageProductDependency;
			package = 4D2592782B4089CF00C09CBA /* XCRemoteSwiftPackageReference "firebase-ios-sdk" */;
			productName = "FirebaseAuthCombine-Community";
		};
		4D2592892B4089D000C09CBA /* FirebaseCrashlytics */ = {
			isa = XCSwiftPackageProductDependency;
			package = 4D2592782B4089CF00C09CBA /* XCRemoteSwiftPackageReference "firebase-ios-sdk" */;
			productName = FirebaseCrashlytics;
		};
		4D25928B2B4089D000C09CBA /* FirebaseDatabase */ = {
			isa = XCSwiftPackageProductDependency;
			package = 4D2592782B4089CF00C09CBA /* XCRemoteSwiftPackageReference "firebase-ios-sdk" */;
			productName = FirebaseDatabase;
		};
		4D25928D2B4089D000C09CBA /* FirebaseDatabaseSwift */ = {
			isa = XCSwiftPackageProductDependency;
			package = 4D2592782B4089CF00C09CBA /* XCRemoteSwiftPackageReference "firebase-ios-sdk" */;
			productName = FirebaseDatabaseSwift;
		};
		4D25928F2B4089D000C09CBA /* FirebaseDynamicLinks */ = {
			isa = XCSwiftPackageProductDependency;
			package = 4D2592782B4089CF00C09CBA /* XCRemoteSwiftPackageReference "firebase-ios-sdk" */;
			productName = FirebaseDynamicLinks;
		};
		4D2592912B4089D000C09CBA /* FirebaseFirestore */ = {
			isa = XCSwiftPackageProductDependency;
			package = 4D2592782B4089CF00C09CBA /* XCRemoteSwiftPackageReference "firebase-ios-sdk" */;
			productName = FirebaseFirestore;
		};
		4D2592932B4089D000C09CBA /* FirebaseFirestoreCombine-Community */ = {
			isa = XCSwiftPackageProductDependency;
			package = 4D2592782B4089CF00C09CBA /* XCRemoteSwiftPackageReference "firebase-ios-sdk" */;
			productName = "FirebaseFirestoreCombine-Community";
		};
		4D2592952B4089D000C09CBA /* FirebaseFirestoreSwift */ = {
			isa = XCSwiftPackageProductDependency;
			package = 4D2592782B4089CF00C09CBA /* XCRemoteSwiftPackageReference "firebase-ios-sdk" */;
			productName = FirebaseFirestoreSwift;
		};
		4D2592972B4089D000C09CBA /* FirebaseFunctions */ = {
			isa = XCSwiftPackageProductDependency;
			package = 4D2592782B4089CF00C09CBA /* XCRemoteSwiftPackageReference "firebase-ios-sdk" */;
			productName = FirebaseFunctions;
		};
		4D2592992B4089D000C09CBA /* FirebaseFunctionsCombine-Community */ = {
			isa = XCSwiftPackageProductDependency;
			package = 4D2592782B4089CF00C09CBA /* XCRemoteSwiftPackageReference "firebase-ios-sdk" */;
			productName = "FirebaseFunctionsCombine-Community";
		};
		4D25929B2B4089D000C09CBA /* FirebaseInAppMessaging-Beta */ = {
			isa = XCSwiftPackageProductDependency;
			package = 4D2592782B4089CF00C09CBA /* XCRemoteSwiftPackageReference "firebase-ios-sdk" */;
			productName = "FirebaseInAppMessaging-Beta";
		};
		4D25929D2B4089D000C09CBA /* FirebaseInAppMessagingSwift-Beta */ = {
			isa = XCSwiftPackageProductDependency;
			package = 4D2592782B4089CF00C09CBA /* XCRemoteSwiftPackageReference "firebase-ios-sdk" */;
			productName = "FirebaseInAppMessagingSwift-Beta";
		};
		4D25929F2B4089D000C09CBA /* FirebaseInstallations */ = {
			isa = XCSwiftPackageProductDependency;
			package = 4D2592782B4089CF00C09CBA /* XCRemoteSwiftPackageReference "firebase-ios-sdk" */;
			productName = FirebaseInstallations;
		};
		4D2592A12B4089D000C09CBA /* FirebaseMLModelDownloader */ = {
			isa = XCSwiftPackageProductDependency;
			package = 4D2592782B4089CF00C09CBA /* XCRemoteSwiftPackageReference "firebase-ios-sdk" */;
			productName = FirebaseMLModelDownloader;
		};
		4D2592A32B4089D000C09CBA /* FirebaseMessaging */ = {
			isa = XCSwiftPackageProductDependency;
			package = 4D2592782B4089CF00C09CBA /* XCRemoteSwiftPackageReference "firebase-ios-sdk" */;
			productName = FirebaseMessaging;
		};
		4D2592A52B4089D000C09CBA /* FirebasePerformance */ = {
			isa = XCSwiftPackageProductDependency;
			package = 4D2592782B4089CF00C09CBA /* XCRemoteSwiftPackageReference "firebase-ios-sdk" */;
			productName = FirebasePerformance;
		};
		4D2592A72B4089D000C09CBA /* FirebaseRemoteConfig */ = {
			isa = XCSwiftPackageProductDependency;
			package = 4D2592782B4089CF00C09CBA /* XCRemoteSwiftPackageReference "firebase-ios-sdk" */;
			productName = FirebaseRemoteConfig;
		};
		4D2592A92B4089D000C09CBA /* FirebaseRemoteConfigSwift */ = {
			isa = XCSwiftPackageProductDependency;
			package = 4D2592782B4089CF00C09CBA /* XCRemoteSwiftPackageReference "firebase-ios-sdk" */;
			productName = FirebaseRemoteConfigSwift;
		};
		4D2592AB2B4089D000C09CBA /* FirebaseStorage */ = {
			isa = XCSwiftPackageProductDependency;
			package = 4D2592782B4089CF00C09CBA /* XCRemoteSwiftPackageReference "firebase-ios-sdk" */;
			productName = FirebaseStorage;
		};
		4D2592AD2B4089D000C09CBA /* FirebaseStorageCombine-Community */ = {
			isa = XCSwiftPackageProductDependency;
			package = 4D2592782B4089CF00C09CBA /* XCRemoteSwiftPackageReference "firebase-ios-sdk" */;
			productName = "FirebaseStorageCombine-Community";
		};
/* End XCSwiftPackageProductDependency section */
	};
	rootObject = 4D4B87282B140ACA00257AED /* Project object */;
}
